
Microsoft Visual Studio Solution File, Format Version 12.00
# Visual Studio Version 16
VisualStudioVersion = 16.0.30204.135
MinimumVisualStudioVersion = 10.0.40219.1
Project("{9A19103F-16F7-4668-BE54-9A1E7A4F7556}") = "OTP.Web.UnitTests", "OTP.Web.UnitTests\OTP.Web.UnitTests.csproj", "{F5E6303A-90FC-43D6-9074-7BD4AB685E0E}"
EndProject
Project("{9A19103F-16F7-4668-BE54-9A1E7A4F7556}") = "OTP.Services.UnitTests", "OTP.Services.UnitTests\OTP.Services.UnitTests.csproj", "{6E9370FE-1319-477D-B007-E53F798964DC}"
EndProject
Project("{9A19103F-16F7-4668-BE54-9A1E7A4F7556}") = "OTP.Business", "OTP.Business\OTP.Business.csproj", "{D538C798-2D9F-4732-B6BA-1A557666DC5D}"
EndProject
Project("{9A19103F-16F7-4668-BE54-9A1E7A4F7556}") = "OTP.DataAccess", "OTP.DataAccess\OTP.DataAccess.csproj", "{94BF63E2-4DB9-4076-B9A3-398D7E306D5E}"
EndProject
Project("{9A19103F-16F7-4668-BE54-9A1E7A4F7556}") = "OTP.Models", "OTP.Models\OTP.Models.csproj", "{51BAA589-EDBD-45D2-874A-130B4251895C}"
EndProject
Project("{9A19103F-16F7-4668-BE54-9A1E7A4F7556}") = "OTP.Web", "OTP.Web\OTP.Web.csproj", "{1BC82E9E-7346-48E9-B507-140E81C2D0D7}"
EndProject
Global
	GlobalSection(SolutionConfigurationPlatforms) = preSolution
		Debug|Any CPU = Debug|Any CPU
		Release|Any CPU = Release|Any CPU
	EndGlobalSection
	GlobalSection(ProjectConfigurationPlatforms) = postSolution
		{F5E6303A-90FC-43D6-9074-7BD4AB685E0E}.Debug|Any CPU.ActiveCfg = Debug|Any CPU
		{F5E6303A-90FC-43D6-9074-7BD4AB685E0E}.Debug|Any CPU.Build.0 = Debug|Any CPU
		{F5E6303A-90FC-43D6-9074-7BD4AB685E0E}.Release|Any CPU.ActiveCfg = Release|Any CPU
		{F5E6303A-90FC-43D6-9074-7BD4AB685E0E}.Release|Any CPU.Build.0 = Release|Any CPU
		{6E9370FE-1319-477D-B007-E53F798964DC}.Debug|Any CPU.ActiveCfg = Debug|Any CPU
		{6E9370FE-1319-477D-B007-E53F798964DC}.Debug|Any CPU.Build.0 = Debug|Any CPU
		{6E9370FE-1319-477D-B007-E53F798964DC}.Release|Any CPU.ActiveCfg = Release|Any CPU
		{6E9370FE-1319-477D-B007-E53F798964DC}.Release|Any CPU.Build.0 = Release|Any CPU
		{D538C798-2D9F-4732-B6BA-1A557666DC5D}.Debug|Any CPU.ActiveCfg = Debug|Any CPU
		{D538C798-2D9F-4732-B6BA-1A557666DC5D}.Debug|Any CPU.Build.0 = Debug|Any CPU
		{D538C798-2D9F-4732-B6BA-1A557666DC5D}.Release|Any CPU.ActiveCfg = Release|Any CPU
		{D538C798-2D9F-4732-B6BA-1A557666DC5D}.Release|Any CPU.Build.0 = Release|Any CPU
		{94BF63E2-4DB9-4076-B9A3-398D7E306D5E}.Debug|Any CPU.ActiveCfg = Debug|Any CPU
		{94BF63E2-4DB9-4076-B9A3-398D7E306D5E}.Debug|Any CPU.Build.0 = Debug|Any CPU
		{94BF63E2-4DB9-4076-B9A3-398D7E306D5E}.Release|Any CPU.ActiveCfg = Release|Any CPU
		{94BF63E2-4DB9-4076-B9A3-398D7E306D5E}.Release|Any CPU.Build.0 = Release|Any CPU
		{51BAA589-EDBD-45D2-874A-130B4251895C}.Debug|Any CPU.ActiveCfg = Debug|Any CPU
		{51BAA589-EDBD-45D2-874A-130B4251895C}.Debug|Any CPU.Build.0 = Debug|Any CPU
		{51BAA589-EDBD-45D2-874A-130B4251895C}.Release|Any CPU.ActiveCfg = Release|Any CPU
		{51BAA589-EDBD-45D2-874A-130B4251895C}.Release|Any CPU.Build.0 = Release|Any CPU
		{1BC82E9E-7346-48E9-B507-140E81C2D0D7}.Debug|Any CPU.ActiveCfg = Debug|Any CPU
		{1BC82E9E-7346-48E9-B507-140E81C2D0D7}.Debug|Any CPU.Build.0 = Debug|Any CPU
		{1BC82E9E-7346-48E9-B507-140E81C2D0D7}.Release|Any CPU.ActiveCfg = Release|Any CPU
		{1BC82E9E-7346-48E9-B507-140E81C2D0D7}.Release|Any CPU.Build.0 = Release|Any CPU
	EndGlobalSection
	GlobalSection(SolutionProperties) = preSolution
		HideSolutionNode = FALSE
	EndGlobalSection
	GlobalSection(ExtensibilityGlobals) = postSolution
		SolutionGuid = {02E2395F-48A1-4B58-BDE7-855E08432D0D}
	EndGlobalSection
EndGlobal
